// !$*UTF8*$!
{
	archiveVersion = 1;
	classes = {
	};
	objectVersion = 77;
	objects = {

		0EFF2F4649745BA1FDE0E4AB /* PBXBuildFile */ = {
			isa = PBXBuildFile;
			fileRef = DA68CB1E145E7DB9C3DEB4F3;
		};

		15D977094B87D4041A760E38 /* PBXGroup */ = {
			isa = PBXGroup;
			children = (
					73E4B760B6B6E4EBE35BBA36,
					D6877221BEF39CCE85138F8E,
					7BF4865A997D3EC93C8F2658,
					AA60D423481D27404A1A3DA3,
					4F5A0BD3F669448CEA66F114,
					CD89C28B2D47A373D55A8320,
					A94E4FFD1943CF1A3E17F277,
					21D2D6C244497B1B443C5CF6,
					CA7AD36234E5343CF7C74522
				);
			name = qdialer;
			path = qdialer;
			sourceTree = "<group>";
		};

		1A932222F8146FF39BB88B8B /* PBXBuildFile */ = {
			isa = PBXBuildFile;
			fileRef = 213BB8E4F7DD48A606968070;
		};

		204A62AD7A7ACB4950F7748B /* PBXFileReference */ = {
			isa = PBXFileReference;
			explicitFileType = sourcecode.swift;
			fileEncoding = 4;
			name = KeyboardView.swift;
			path = "Views/KeyboardView.swift";
			sourceTree = "<group>";
		};

		213BB8E4F7DD48A606968070 /* PBXFileReference */ = {
			isa = PBXFileReference;
			explicitFileType = sourcecode.swift;
			fileEncoding = 4;
			name = ContactModel.swift;
			path = "Models/ContactModel.swift";
			sourceTree = "<group>";
		};

		21D2D6C244497B1B443C5CF6 /* PBXFileReference */ = {
			isa = PBXFileReference;
			explicitFileType = text.plist.xml;
			fileEncoding = 4;
			name = Info.plist;
			path = Info.plist;
			sourceTree = "<group>";
		};

		22EFBB11D1E8002ED5D4809B /* PBXFileReference */ = {
			isa = PBXFileReference;
			explicitFileType = sourcecode.swift;
			fileEncoding = 4;
			name = ContactService.swift;
			path = "Services/ContactService.swift";
			sourceTree = "<group>";
		};

		2A28F1312A1E71C1E2854E4C /* PBXBuildFile */ = {
			isa = PBXBuildFile;
			fileRef = 22EFBB11D1E8002ED5D4809B;
		};

		31D6C04F8BB12710FC8DBBE8 /* PBXBuildFile */ = {
			isa = PBXBuildFile;
			fileRef = 98FB32B8004A64600378F048;
		};

		3C4C5CFD63C05E127798A78B /* PBXBuildFile */ = {
			isa = PBXBuildFile;
			fileRef = 3C895FA6BEC2E7786FC7142F;
		};

		3C895FA6BEC2E7786FC7142F /* PBXFileReference */ = {
			isa = PBXFileReference;
			explicitFileType = sourcecode.swift;
			fileEncoding = 4;
			name = CallHistory.swift;
			path = "Models/CallHistory.swift";
			sourceTree = "<group>";
		};

		406BD0B55B2510BE6ECC8B62 /* PBXBuildFile */ = {
			isa = PBXBuildFile;
			fileRef = 6B81C3D777838DC2B6E0CD7F;
		};

		412EF81DDA5F2B5BA7F5CAA1 /* PBXBuildFile */ = {
			isa = PBXBuildFile;
			fileRef = 204A62AD7A7ACB4950F7748B;
		};

		4D3F212685572B4A1826555E /* PBXBuildFile */ = {
			isa = PBXBuildFile;
			fileRef = CA7AD36234E5343CF7C74522;
		};

		4F5A0BD3F669448CEA66F114 /* PBXGroup */ = {
			isa = PBXGroup;
			children = (
					204A62AD7A7ACB4950F7748B,
					BC67BFF6A1364AD351C0E769,
					F0EEBFCC9730BE7010B2FD27
				);
			name = Views;
			sourceTree = "<group>";
		};

		57E72B47043A46C700C9481E /* PBXResourcesBuildPhase */ = {
			isa = PBXResourcesBuildPhase;
			buildActionMask = 2147483647;
			files = (
					4D3F212685572B4A1826555E
				);
			runOnlyForDeploymentPostprocessing = 0;
		};

		5CB8BF92C691FDF7E11BC27E /* PBXBuildFile */ = {
			isa = PBXBuildFile;
			fileRef = A94E4FFD1943CF1A3E17F277;
		};

		61D3A9132521FD78488ABF76 /* PBXSourcesBuildPhase */ = {
			isa = PBXSourcesBuildPhase;
			buildActionMask = 2147483647;
			files = (
					406BD0B55B2510BE6ECC8B62,
					1A932222F8146FF39BB88B8B,
					3C4C5CFD63C05E127798A78B,
					31D6C04F8BB12710FC8DBBE8,
					2A28F1312A1E71C1E2854E4C,
					0EFF2F4649745BA1FDE0E4AB,
					412EF81DDA5F2B5BA7F5CAA1,
					CAE9B501D5C51ABA55430071,
					BB39415DBAD4BA1BA27A3409,
					68D8595C2BD38B4B93FBB66F,
					5CB8BF92C691FDF7E11BC27E
				);
			runOnlyForDeploymentPostprocessing = 0;
		};

		68D8595C2BD38B4B93FBB66F /* PBXBuildFile */ = {
			isa = PBXBuildFile;
			fileRef = CD89C28B2D47A373D55A8320;
		};

		6B1C0AB5CACBFD1939064EFB /* XCBuildConfiguration */ = {
			isa = XCBuildConfiguration;
			buildSettings = {
					ALWAYS_SEARCH_USER_PATHS = NO;
					ASSETCATALOG_COMPILER_APPICON_NAME = AppIcon;
					ASSETCATALOG_COMPILER_GLOBAL_ACCENT_COLOR_NAME = AccentColor;
					CODE_SIGN_STYLE = Automatic;
					CURRENT_PROJECT_VERSION = 1;
					GENERATE_INFOPLIST_FILE = NO;
					INFOPLIST_FILE = "qdialer/Info.plist";
					INFOPLIST_KEY_CFBundleDisplayName = "Smart Dialer";
					INFOPLIST_KEY_UIApplicationSceneManifest_Generation = YES;
					INFOPLIST_KEY_UIApplicationSupportsIndirectInputEvents = YES;
					INFOPLIST_KEY_UILaunchScreen_Generation = YES;
					IPHONEOS_DEPLOYMENT_TARGET = 17.0;
					LD_RUNPATH_SEARCH_PATHS = (
						"$(inherited)",
						"@executable_path/Frameworks"
					);
					MARKETING_VERSION = 1.0;
					PRODUCT_BUNDLE_IDENTIFIER = com.qdialer.app;
					PRODUCT_NAME = "$(TARGET_NAME)";
					SDKROOT = iphoneos;
					SUPPORTED_PLATFORMS = "iphonesimulator iphoneos";
					SWIFT_EMIT_LOC_STRINGS = YES;
					SWIFT_VERSION = 6.0;
					TARGETED_DEVICE_FAMILY = 1;
				};
			name = Debug;
		};

		6B81C3D777838DC2B6E0CD7F /* PBXFileReference */ = {
			isa = PBXFileReference;
			explicitFileType = sourcecode.swift;
			fileEncoding = 4;
			name = Localized.swift;
			path = "Helpers/Localized.swift";
			sourceTree = "<group>";
		};

		6F0E70FF0A3BC1A475D59D83 /* PBXProject */ = {
			isa = PBXProject;
			attributes = {
					BuildIndependentTargetsInParallel = 1;
					LastSwiftUpdateCheck = 1720;
					LastUpgradeCheck = 1720;
					TargetAttributes = {
						E2563410BAE8F6B87271F066 = {
							CreatedOnToolsVersion = 17.2;
						};
					};
				};
			buildConfigurationList = 7FCDEFAB2C225D506F97E8E3;
			compatibilityVersion = "Xcode 14.0";
			developmentRegion = zh-Hans;
			hasScannedForEncodings = 0;
			knownRegions = (
					en,
					zh-Hans,
					Base
				);
			mainGroup = 92BE8BFF7724AF0FB166BFED;
			productRefGroup = 92BE8BFF7724AF0FB166BFED;
			targets = (
					E2563410BAE8F6B87271F066
				);
		};

		73E4B760B6B6E4EBE35BBA36 /* PBXGroup */ = {
			isa = PBXGroup;
			children = (
					6B81C3D777838DC2B6E0CD7F
				);
			name = Helpers;
			sourceTree = "<group>";
		};

		7BF4865A997D3EC93C8F2658 /* PBXGroup */ = {
			isa = PBXGroup;
			children = (
					98FB32B8004A64600378F048,
					22EFBB11D1E8002ED5D4809B
				);
			name = Services;
			sourceTree = "<group>";
		};

		7FCDEFAB2C225D506F97E8E3 /* XCConfigurationList */ = {
			isa = XCConfigurationList;
			buildConfigurations = (
					6B1C0AB5CACBFD1939064EFB,
					F1DD4542E7DD777A5F520FE1
				);
			defaultConfigurationIsVisible = 0;
			defaultConfigurationName = Release;
		};

		80FD4949B9B770FF03C9FACA /* XCConfigurationList */ = {
			isa = XCConfigurationList;
			buildConfigurations = (
					6B1C0AB5CACBFD1939064EFB,
					F1DD4542E7DD777A5F520FE1
				);
			defaultConfigurationIsVisible = 0;
			defaultConfigurationName = Release;
		};

		92BE8BFF7724AF0FB166BFED /* PBXGroup */ = {
			isa = PBXGroup;
			children = (
					15D977094B87D4041A760E38,
					CF9E810E34D23C4ACD25A03D
				);
			sourceTree = "<group>";
		};

		98D7593947C3ECAAEEB13A1F /* PBXBuildFile */ = {
			isa = PBXBuildFile;
			fileRef = 21D2D6C244497B1B443C5CF6;
		};

		98FB32B8004A64600378F048 /* PBXFileReference */ = {
			isa = PBXFileReference;
			explicitFileType = sourcecode.swift;
			fileEncoding = 4;
			name = PinyinService.swift;
			path = "Services/PinyinService.swift";
			sourceTree = "<group>";
		};

		A94E4FFD1943CF1A3E17F277 /* PBXFileReference */ = {
			isa = PBXFileReference;
			explicitFileType = sourcecode.swift;
			fileEncoding = 4;
			name = qdialerApp.swift;
			path = qdialerApp.swift;
			sourceTree = "<group>";
		};

		AA60D423481D27404A1A3DA3 /* PBXGroup */ = {
			isa = PBXGroup;
			children = (
					DA68CB1E145E7DB9C3DEB4F3
				);
			name = ViewModels;
			sourceTree = "<group>";
		};

		BB39415DBAD4BA1BA27A3409 /* PBXBuildFile */ = {
			isa = PBXBuildFile;
			fileRef = F0EEBFCC9730BE7010B2FD27;
		};

		BC67BFF6A1364AD351C0E769 /* PBXFileReference */ = {
			isa = PBXFileReference;
			explicitFileType = sourcecode.swift;
			fileEncoding = 4;
			name = SearchBarView.swift;
			path = "Views/SearchBarView.swift";
			sourceTree = "<group>";
		};

		C736309DA7F4841D8A044AB6 /* PBXFrameworksBuildPhase */ = {
			isa = PBXFrameworksBuildPhase;
			buildActionMask = 2147483647;
			files = ();
			runOnlyForDeploymentPostprocessing = 0;
		};

		CA7AD36234E5343CF7C74522 /* PBXFileReference */ = {
			isa = PBXFileReference;
			explicitFileType = folder.assetcatalog;
			fileEncoding = 4;
			name = Assets.xcassets;
			path = Assets.xcassets;
			sourceTree = "<group>";
		};

		CAE9B501D5C51ABA55430071 /* PBXBuildFile */ = {
			isa = PBXBuildFile;
			fileRef = BC67BFF6A1364AD351C0E769;
		};

		CD89C28B2D47A373D55A8320 /* PBXFileReference */ = {
			isa = PBXFileReference;
			explicitFileType = sourcecode.swift;
			fileEncoding = 4;
			name = ContentView.swift;
			path = ContentView.swift;
			sourceTree = "<group>";
		};

		CF9E810E34D23C4ACD25A03D /* PBXFileReference */ = {
			isa = PBXFileReference;
			explicitFileType = wrapper.application;
			name = qdialer.app;
			path = qdialer.app;
			sourceTree = BUILT_PRODUCTS_DIR;
		};

		D6877221BEF39CCE85138F8E /* PBXGroup */ = {
			isa = PBXGroup;
			children = (
					213BB8E4F7DD48A606968070,
					3C895FA6BEC2E7786FC7142F
				);
			name = Models;
			sourceTree = "<group>";
		};

		DA68CB1E145E7DB9C3DEB4F3 /* PBXFileReference */ = {
			isa = PBXFileReference;
			explicitFileType = sourcecode.swift;
			fileEncoding = 4;
			name = ContactSearchViewModel.swift;
			path = "ViewModels/ContactSearchViewModel.swift";
			sourceTree = "<group>";
		};

		E2563410BAE8F6B87271F066 /* PBXNativeTarget */ = {
			isa = PBXNativeTarget;
			buildConfigurationList = 80FD4949B9B770FF03C9FACA;
			buildPhases = (
					61D3A9132521FD78488ABF76,
					C736309DA7F4841D8A044AB6,
					57E72B47043A46C700C9481E
				);
			buildRules = ();
			dependencies = ();
			name = qdialer;
			productName = qdialer;
			productReference = CF9E810E34D23C4ACD25A03D;
			productType = com.apple.product-type.application;
		};

		F0EEBFCC9730BE7010B2FD27 /* PBXFileReference */ = {
			isa = PBXFileReference;
			explicitFileType = sourcecode.swift;
			fileEncoding = 4;
			name = ContactRowView.swift;
			path = "Views/ContactRowView.swift";
			sourceTree = "<group>";
		};

		F1DD4542E7DD777A5F520FE1 /* XCBuildConfiguration */ = {
			isa = XCBuildConfiguration;
			buildSettings = {
					ALWAYS_SEARCH_USER_PATHS = NO;
					ASSETCATALOG_COMPILER_APPICON_NAME = AppIcon;
					ASSETCATALOG_COMPILER_GLOBAL_ACCENT_COLOR_NAME = AccentColor;
					CODE_SIGN_STYLE = Automatic;
					CURRENT_PROJECT_VERSION = 1;
					GENERATE_INFOPLIST_FILE = NO;
					INFOPLIST_FILE = "qdialer/Info.plist";
					INFOPLIST_KEY_CFBundleDisplayName = "Smart Dialer";
					INFOPLIST_KEY_UIApplicationSceneManifest_Generation = YES;
					INFOPLIST_KEY_UIApplicationSupportsIndirectInputEvents = YES;
					INFOPLIST_KEY_UILaunchScreen_Generation = YES;
					IPHONEOS_DEPLOYMENT_TARGET = 17.0;
					LD_RUNPATH_SEARCH_PATHS = (
						"$(inherited)",
						"@executable_path/Frameworks"
					);
					MARKETING_VERSION = 1.0;
					PRODUCT_BUNDLE_IDENTIFIER = com.qdialer.app;
					PRODUCT_NAME = "$(TARGET_NAME)";
					SDKROOT = iphoneos;
					SUPPORTED_PLATFORMS = "iphonesimulator iphoneos";
					SWIFT_EMIT_LOC_STRINGS = YES;
					SWIFT_VERSION = 6.0;
					TARGETED_DEVICE_FAMILY = 1;
				};
			name = Release;
		};
	};
	rootObject = 6F0E70FF0A3BC1A475D59D83 /* Project object */;
}
